
Microsoft Visual Studio Solution File, Format Version 12.00
# Visual Studio 15
VisualStudioVersion = 15.0.26430.6
MinimumVisualStudioVersion = 10.0.40219.1
Project("{FAE04EC0-301F-11D3-BF4B-00C04F79EFBC}") = "Nc.Erp.WorksSupport.Do", "Nc.Erp.WorksSupport.Do\Nc.Erp.WorksSupport.Do.csproj", "{FCC31DCC-124C-4175-9EEB-4F19CF74D9FA}"
EndProject
Project("{FAE04EC0-301F-11D3-BF4B-00C04F79EFBC}") = "Nc.Erp.WorksSupport.Da", "..\..\DA\Nc.Erp.WorksSupport.Da\Nc.Erp.WorksSupport.Da.csproj", "{FD4AEB35-73D9-4835-8D72-8C7F5B81647F}"
EndProject
Global
	GlobalSection(SolutionConfigurationPlatforms) = preSolution
		Debug|Any CPU = Debug|Any CPU
		Release|Any CPU = Release|Any CPU
	EndGlobalSection
	GlobalSection(ProjectConfigurationPlatforms) = postSolution
		{FCC31DCC-124C-4175-9EEB-4F19CF74D9FA}.Debug|Any CPU.ActiveCfg = Debug|Any CPU
		{FCC31DCC-124C-4175-9EEB-4F19CF74D9FA}.Debug|Any CPU.Build.0 = Debug|Any CPU
		{FCC31DCC-124C-4175-9EEB-4F19CF74D9FA}.Release|Any CPU.ActiveCfg = Release|Any CPU
		{FCC31DCC-124C-4175-9EEB-4F19CF74D9FA}.Release|Any CPU.Build.0 = Release|Any CPU
		{FD4AEB35-73D9-4835-8D72-8C7F5B81647F}.Debug|Any CPU.ActiveCfg = Debug|Any CPU
		{FD4AEB35-73D9-4835-8D72-8C7F5B81647F}.Debug|Any CPU.Build.0 = Debug|Any CPU
		{FD4AEB35-73D9-4835-8D72-8C7F5B81647F}.Release|Any CPU.ActiveCfg = Release|Any CPU
		{FD4AEB35-73D9-4835-8D72-8C7F5B81647F}.Release|Any CPU.Build.0 = Release|Any CPU
	EndGlobalSection
	GlobalSection(SolutionProperties) = preSolution
		HideSolutionNode = FALSE
	EndGlobalSection
EndGlobal
